
Microsoft Visual Studio Solution File, Format Version 12.00
# Visual Studio Version 16
VisualStudioVersion = 16.0.31112.23
MinimumVisualStudioVersion = 10.0.40219.1
Project("{FAE04EC0-301F-11D3-BF4B-00C04F79EFBC}") = "LMS.Web", "LMS.Web\LMS.Web.csproj", "{1C595C79-B12D-4DEE-BD1A-718725FA5AFA}"
EndProject
Project("{FAE04EC0-301F-11D3-BF4B-00C04F79EFBC}") = "Literature.API", "Literature.API\Literature.API.csproj", "{6389F387-27EB-4404-94B6-ADD1194A6577}"
EndProject
Project("{FAE04EC0-301F-11D3-BF4B-00C04F79EFBC}") = "LMS.Core", "LMS.Core\LMS.Core.csproj", "{961CAD87-EF4C-4327-A2C7-ABD3D9FF5736}"
EndProject
Project("{FAE04EC0-301F-11D3-BF4B-00C04F79EFBC}") = "LMS.Data", "LMS.Data\LMS.Data.csproj", "{4A3574C6-D3EC-4098-BB87-956A1C02055E}"
EndProject
Project("{FAE04EC0-301F-11D3-BF4B-00C04F79EFBC}") = "Literature.Core", "Literature.Core\Literature.Core.csproj", "{DBA2B250-AB8E-429D-A1C6-DAE7694A0546}"
EndProject
Project("{FAE04EC0-301F-11D3-BF4B-00C04F79EFBC}") = "Literature.Data", "Literature.Data\Literature.Data.csproj", "{A0AC7558-BF6C-44D4-9F7F-6F5C23A58942}"
EndProject
Global
	GlobalSection(SolutionConfigurationPlatforms) = preSolution
		Debug|Any CPU = Debug|Any CPU
		Release|Any CPU = Release|Any CPU
	EndGlobalSection
	GlobalSection(ProjectConfigurationPlatforms) = postSolution
		{1C595C79-B12D-4DEE-BD1A-718725FA5AFA}.Debug|Any CPU.ActiveCfg = Debug|Any CPU
		{1C595C79-B12D-4DEE-BD1A-718725FA5AFA}.Debug|Any CPU.Build.0 = Debug|Any CPU
		{1C595C79-B12D-4DEE-BD1A-718725FA5AFA}.Release|Any CPU.ActiveCfg = Release|Any CPU
		{1C595C79-B12D-4DEE-BD1A-718725FA5AFA}.Release|Any CPU.Build.0 = Release|Any CPU
		{6389F387-27EB-4404-94B6-ADD1194A6577}.Debug|Any CPU.ActiveCfg = Debug|Any CPU
		{6389F387-27EB-4404-94B6-ADD1194A6577}.Debug|Any CPU.Build.0 = Debug|Any CPU
		{6389F387-27EB-4404-94B6-ADD1194A6577}.Release|Any CPU.ActiveCfg = Release|Any CPU
		{6389F387-27EB-4404-94B6-ADD1194A6577}.Release|Any CPU.Build.0 = Release|Any CPU
		{961CAD87-EF4C-4327-A2C7-ABD3D9FF5736}.Debug|Any CPU.ActiveCfg = Debug|Any CPU
		{961CAD87-EF4C-4327-A2C7-ABD3D9FF5736}.Debug|Any CPU.Build.0 = Debug|Any CPU
		{961CAD87-EF4C-4327-A2C7-ABD3D9FF5736}.Release|Any CPU.ActiveCfg = Release|Any CPU
		{961CAD87-EF4C-4327-A2C7-ABD3D9FF5736}.Release|Any CPU.Build.0 = Release|Any CPU
		{4A3574C6-D3EC-4098-BB87-956A1C02055E}.Debug|Any CPU.ActiveCfg = Debug|Any CPU
		{4A3574C6-D3EC-4098-BB87-956A1C02055E}.Debug|Any CPU.Build.0 = Debug|Any CPU
		{4A3574C6-D3EC-4098-BB87-956A1C02055E}.Release|Any CPU.ActiveCfg = Release|Any CPU
		{4A3574C6-D3EC-4098-BB87-956A1C02055E}.Release|Any CPU.Build.0 = Release|Any CPU
		{DBA2B250-AB8E-429D-A1C6-DAE7694A0546}.Debug|Any CPU.ActiveCfg = Debug|Any CPU
		{DBA2B250-AB8E-429D-A1C6-DAE7694A0546}.Debug|Any CPU.Build.0 = Debug|Any CPU
		{DBA2B250-AB8E-429D-A1C6-DAE7694A0546}.Release|Any CPU.ActiveCfg = Release|Any CPU
		{DBA2B250-AB8E-429D-A1C6-DAE7694A0546}.Release|Any CPU.Build.0 = Release|Any CPU
		{A0AC7558-BF6C-44D4-9F7F-6F5C23A58942}.Debug|Any CPU.ActiveCfg = Debug|Any CPU
		{A0AC7558-BF6C-44D4-9F7F-6F5C23A58942}.Debug|Any CPU.Build.0 = Debug|Any CPU
		{A0AC7558-BF6C-44D4-9F7F-6F5C23A58942}.Release|Any CPU.ActiveCfg = Release|Any CPU
		{A0AC7558-BF6C-44D4-9F7F-6F5C23A58942}.Release|Any CPU.Build.0 = Release|Any CPU
	EndGlobalSection
	GlobalSection(SolutionProperties) = preSolution
		HideSolutionNode = FALSE
	EndGlobalSection
	GlobalSection(ExtensibilityGlobals) = postSolution
		SolutionGuid = {7B272B27-104C-49B6-8ABB-D6F1A7137643}
	EndGlobalSection
EndGlobal
